// !$*UTF8*$!
{
	archiveVersion = 1;
	classes = {
	};
	objectVersion = 46;
	objects = {

/* Begin PBXBuildFile section */
		4973BE4D1E9811DD0066F131 /* main.cpp in Sources */ = {isa = PBXBuildFile; fileRef = 4973BE4C1E9811DD0066F131 /* main.cpp */; };
		4973BE551E9812EE0066F131 /* Variable.cpp in Sources */ = {isa = PBXBuildFile; fileRef = 4973BE531E9812EE0066F131 /* Variable.cpp */; };
		497482561E982DED003C4F76 /* SATInstance.cpp in Sources */ = {isa = PBXBuildFile; fileRef = 497482541E982DED003C4F76 /* SATInstance.cpp */; };
/* End PBXBuildFile section */

/* Begin PBXCopyFilesBuildPhase section */
		4973BE471E9811DD0066F131 /* CopyFiles */ = {
			isa = PBXCopyFilesBuildPhase;
			buildActionMask = 2147483647;
			dstPath = /usr/share/man/man1/;
			dstSubfolderSpec = 0;
			files = (
			);
			runOnlyForDeploymentPostprocessing = 1;
		};
/* End PBXCopyFilesBuildPhase section */

/* Begin PBXFileReference section */
		4973BE491E9811DD0066F131 /* ObstacleSATGenerator */ = {isa = PBXFileReference; explicitFileType = "compiled.mach-o.executable"; includeInIndex = 0; path = ObstacleSATGenerator; sourceTree = BUILT_PRODUCTS_DIR; };
		4973BE4C1E9811DD0066F131 /* main.cpp */ = {isa = PBXFileReference; lastKnownFileType = sourcecode.cpp.cpp; path = main.cpp; sourceTree = "<group>"; };
		4973BE531E9812EE0066F131 /* Variable.cpp */ = {isa = PBXFileReference; fileEncoding = 4; lastKnownFileType = sourcecode.cpp.cpp; path = Variable.cpp; sourceTree = "<group>"; };
		4973BE541E9812EE0066F131 /* Variable.hpp */ = {isa = PBXFileReference; fileEncoding = 4; lastKnownFileType = sourcecode.cpp.h; path = Variable.hpp; sourceTree = "<group>"; };
		497482541E982DED003C4F76 /* SATInstance.cpp */ = {isa = PBXFileReference; fileEncoding = 4; lastKnownFileType = sourcecode.cpp.cpp; path = SATInstance.cpp; sourceTree = "<group>"; };
		497482551E982DED003C4F76 /* SATInstance.hpp */ = {isa = PBXFileReference; fileEncoding = 4; lastKnownFileType = sourcecode.cpp.h; path = SATInstance.hpp; sourceTree = "<group>"; };
/* End PBXFileReference section */

/* Begin PBXFrameworksBuildPhase section */
		4973BE461E9811DD0066F131 /* Frameworks */ = {
			isa = PBXFrameworksBuildPhase;
			buildActionMask = 2147483647;
			files = (
			);
			runOnlyForDeploymentPostprocessing = 0;
		};
/* End PBXFrameworksBuildPhase section */

/* Begin PBXGroup section */
		4973BE401E9811DD0066F131 = {
			isa = PBXGroup;
			children = (
				4973BE4B1E9811DD0066F131 /* ObstacleSATGenerator */,
				4973BE4A1E9811DD0066F131 /* Products */,
			);
			sourceTree = "<group>";
		};
		4973BE4A1E9811DD0066F131 /* Products */ = {
			isa = PBXGroup;
			children = (
				4973BE491E9811DD0066F131 /* ObstacleSATGenerator */,
			);
			name = Products;
			sourceTree = "<group>";
		};
		4973BE4B1E9811DD0066F131 /* ObstacleSATGenerator */ = {
			isa = PBXGroup;
			children = (
				4973BE4C1E9811DD0066F131 /* main.cpp */,
				4973BE531E9812EE0066F131 /* Variable.cpp */,
				4973BE541E9812EE0066F131 /* Variable.hpp */,
				497482541E982DED003C4F76 /* SATInstance.cpp */,
				497482551E982DED003C4F76 /* SATInstance.hpp */,
			);
			path = ObstacleSATGenerator;
			sourceTree = "<group>";
		};
/* End PBXGroup section */

/* Begin PBXNativeTarget section */
		4973BE481E9811DD0066F131 /* ObstacleSATGenerator */ = {
			isa = PBXNativeTarget;
			buildConfigurationList = 4973BE501E9811DD0066F131 /* Build configuration list for PBXNativeTarget "ObstacleSATGenerator" */;
			buildPhases = (
				4973BE451E9811DD0066F131 /* Sources */,
				4973BE461E9811DD0066F131 /* Frameworks */,
				4973BE471E9811DD0066F131 /* CopyFiles */,
			);
			buildRules = (
			);
			dependencies = (
			);
			name = ObstacleSATGenerator;
			productName = ObstacleSATGenerator;
			productReference = 4973BE491E9811DD0066F131 /* ObstacleSATGenerator */;
			productType = "com.apple.product-type.tool";
		};
/* End PBXNativeTarget section */

/* Begin PBXProject section */
		4973BE411E9811DD0066F131 /* Project object */ = {
			isa = PBXProject;
			attributes = {
				LastUpgradeCheck = 0830;
				ORGANIZATIONNAME = "Chris Hartman";
				TargetAttributes = {
					4973BE481E9811DD0066F131 = {
						CreatedOnToolsVersion = 8.3;
						ProvisioningStyle = Automatic;
					};
				};
			};
			buildConfigurationList = 4973BE441E9811DD0066F131 /* Build configuration list for PBXProject "ObstacleSATGenerator" */;
			compatibilityVersion = "Xcode 3.2";
			developmentRegion = English;
			hasScannedForEncodings = 0;
			knownRegions = (
				en,
			);
			mainGroup = 4973BE401E9811DD0066F131;
			productRefGroup = 4973BE4A1E9811DD0066F131 /* Products */;
			projectDirPath = "";
			projectRoot = "";
			targets = (
				4973BE481E9811DD0066F131 /* ObstacleSATGenerator */,
			);
		};
/* End PBXProject section */

/* Begin PBXSourcesBuildPhase section */
		4973BE451E9811DD0066F131 /* Sources */ = {
			isa = PBXSourcesBuildPhase;
			buildActionMask = 2147483647;
			files = (
				4973BE4D1E9811DD0066F131 /* main.cpp in Sources */,
				497482561E982DED003C4F76 /* SATInstance.cpp in Sources */,
				4973BE551E9812EE0066F131 /* Variable.cpp in Sources */,
			);
			runOnlyForDeploymentPostprocessing = 0;
		};
/* End PBXSourcesBuildPhase section */

/* Begin XCBuildConfiguration section */
		4973BE4E1E9811DD0066F131 /* Debug */ = {
			isa = XCBuildConfiguration;
			buildSettings = {
				ALWAYS_SEARCH_USER_PATHS = NO;
				CLANG_ANALYZER_NONNULL = YES;
				CLANG_ANALYZER_NUMBER_OBJECT_CONVERSION = YES_AGGRESSIVE;
				CLANG_CXX_LANGUAGE_STANDARD = "gnu++0x";
				CLANG_CXX_LIBRARY = "libc++";
				CLANG_ENABLE_MODULES = YES;
				CLANG_ENABLE_OBJC_ARC = YES;
				CLANG_WARN_BOOL_CONVERSION = YES;
				CLANG_WARN_CONSTANT_CONVERSION = YES;
				CLANG_WARN_DIRECT_OBJC_ISA_USAGE = YES_ERROR;
				CLANG_WARN_DOCUMENTATION_COMMENTS = YES;
				CLANG_WARN_EMPTY_BODY = YES;
				CLANG_WARN_ENUM_CONVERSION = YES;
				CLANG_WARN_INFINITE_RECURSION = YES;
				CLANG_WARN_INT_CONVERSION = YES;
				CLANG_WARN_OBJC_ROOT_CLASS = YES_ERROR;
				CLANG_WARN_SUSPICIOUS_MOVE = YES;
				CLANG_WARN_UNREACHABLE_CODE = YES;
				CLANG_WARN__DUPLICATE_METHOD_MATCH = YES;
				CODE_SIGN_IDENTITY = "-";
				COPY_PHASE_STRIP = NO;
				DEBUG_INFORMATION_FORMAT = dwarf;
				ENABLE_STRICT_OBJC_MSGSEND = YES;
				ENABLE_TESTABILITY = YES;
				GCC_C_LANGUAGE_STANDARD = gnu99;
				GCC_DYNAMIC_NO_PIC = NO;
				GCC_NO_COMMON_BLOCKS = YES;
				GCC_OPTIMIZATION_LEVEL = 0;
				GCC_PREPROCESSOR_DEFINITIONS = (
					"DEBUG=1",
					"$(inherited)",
				);
				GCC_WARN_64_TO_32_BIT_CONVERSION = YES;
				GCC_WARN_ABOUT_RETURN_TYPE = YES_ERROR;
				GCC_WARN_UNDECLARED_SELECTOR = YES;
				GCC_WARN_UNINITIALIZED_AUTOS = YES_AGGRESSIVE;
				GCC_WARN_UNUSED_FUNCTION = YES;
				GCC_WARN_UNUSED_VARIABLE = YES;
				MACOSX_DEPLOYMENT_TARGET = 10.12;
				MTL_ENABLE_DEBUG_INFO = YES;
				ONLY_ACTIVE_ARCH = YES;
				SDKROOT = macosx;
			};
			name = Debug;
		};
		4973BE4F1E9811DD0066F131 /* Release */ = {
			isa = XCBuildConfiguration;
			buildSettings = {
				ALWAYS_SEARCH_USER_PATHS = NO;
				CLANG_ANALYZER_NONNULL = YES;
				CLANG_ANALYZER_NUMBER_OBJECT_CONVERSION = YES_AGGRESSIVE;
				CLANG_CXX_LANGUAGE_STANDARD = "gnu++0x";
				CLANG_CXX_LIBRARY = "libc++";
				CLANG_ENABLE_MODULES = YES;
				CLANG_ENABLE_OBJC_ARC = YES;
				CLANG_WARN_BOOL_CONVERSION = YES;
				CLANG_WARN_CONSTANT_CONVERSION = YES;
				CLANG_WARN_DIRECT_OBJC_ISA_USAGE = YES_ERROR;
				CLANG_WARN_DOCUMENTATION_COMMENTS = YES;
				CLANG_WARN_EMPTY_BODY = YES;
				CLANG_WARN_ENUM_CONVERSION = YES;
				CLANG_WARN_INFINITE_RECURSION = YES;
				CLANG_WARN_INT_CONVERSION = YES;
				CLANG_WARN_OBJC_ROOT_CLASS = YES_ERROR;
				CLANG_WARN_SUSPICIOUS_MOVE = YES;
				CLANG_WARN_UNREACHABLE_CODE = YES;
				CLANG_WARN__DUPLICATE_METHOD_MATCH = YES;
				CODE_SIGN_IDENTITY = "-";
				COPY_PHASE_STRIP = NO;
				DEBUG_INFORMATION_FORMAT = "dwarf-with-dsym";
				ENABLE_NS_ASSERTIONS = NO;
				ENABLE_STRICT_OBJC_MSGSEND = YES;
				GCC_C_LANGUAGE_STANDARD = gnu99;
				GCC_NO_COMMON_BLOCKS = YES;
				GCC_WARN_64_TO_32_BIT_CONVERSION = YES;
				GCC_WARN_ABOUT_RETURN_TYPE = YES_ERROR;
				GCC_WARN_UNDECLARED_SELECTOR = YES;
				GCC_WARN_UNINITIALIZED_AUTOS = YES_AGGRESSIVE;
				GCC_WARN_UNUSED_FUNCTION = YES;
				GCC_WARN_UNUSED_VARIABLE = YES;
				MACOSX_DEPLOYMENT_TARGET = 10.12;
				MTL_ENABLE_DEBUG_INFO = NO;
				SDKROOT = macosx;
			};
			name = Release;
		};
		4973BE511E9811DD0066F131 /* Debug */ = {
			isa = XCBuildConfiguration;
			buildSettings = {
				CLANG_CXX_LANGUAGE_STANDARD = "gnu++14";
				PRODUCT_NAME = "$(TARGET_NAME)";
			};
			name = Debug;
		};
		4973BE521E9811DD0066F131 /* Release */ = {
			isa = XCBuildConfiguration;
			buildSettings = {
				CLANG_CXX_LANGUAGE_STANDARD = "gnu++14";
				PRODUCT_NAME = "$(TARGET_NAME)";
			};
			name = Release;
		};
/* End XCBuildConfiguration section */

/* Begin XCConfigurationList section */
		4973BE441E9811DD0066F131 /* Build configuration list for PBXProject "ObstacleSATGenerator" */ = {
			isa = XCConfigurationList;
			buildConfigurations = (
				4973BE4E1E9811DD0066F131 /* Debug */,
				4973BE4F1E9811DD0066F131 /* Release */,
			);
			defaultConfigurationIsVisible = 0;
			defaultConfigurationName = Release;
		};
		4973BE501E9811DD0066F131 /* Build configuration list for PBXNativeTarget "ObstacleSATGenerator" */ = {
			isa = XCConfigurationList;
			buildConfigurations = (
				4973BE511E9811DD0066F131 /* Debug */,
				4973BE521E9811DD0066F131 /* Release */,
			);
			defaultConfigurationIsVisible = 0;
			defaultConfigurationName = Release;
		};
/* End XCConfigurationList section */
	};
	rootObject = 4973BE411E9811DD0066F131 /* Project object */;
}
